// !$*UTF8*$!
{
	archiveVersion = 1;
	classes = {
	};
	objectVersion = 55;
	objects = {

/* Begin PBXBuildFile section */
		E22D38C827F59B90009EB3EF /* AvatarPhotoSwiftUIApp.swift in Sources */ = {isa = PBXBuildFile; fileRef = E22D38C727F59B90009EB3EF /* AvatarPhotoSwiftUIApp.swift */; };
		E22D38CA27F59B90009EB3EF /* ContentView.swift in Sources */ = {isa = PBXBuildFile; fileRef = E22D38C927F59B90009EB3EF /* ContentView.swift */; };
		E22D38CC27F59B91009EB3EF /* Assets.xcassets in Resources */ = {isa = PBXBuildFile; fileRef = E22D38CB27F59B91009EB3EF /* Assets.xcassets */; };
		E22D38CF27F59B91009EB3EF /* Preview Assets.xcassets in Resources */ = {isa = PBXBuildFile; fileRef = E22D38CE27F59B91009EB3EF /* Preview Assets.xcassets */; };
		E22D38DA27F59D3B009EB3EF /* ButtonsPhotoModel.swift in Sources */ = {isa = PBXBuildFile; fileRef = E22D38D927F59D3B009EB3EF /* ButtonsPhotoModel.swift */; };
		E22D38DC27F59E7B009EB3EF /* ButtonsPhotoDataManager.swift in Sources */ = {isa = PBXBuildFile; fileRef = E22D38DB27F59E7B009EB3EF /* ButtonsPhotoDataManager.swift */; };
		E22D38DE27F5A0E5009EB3EF /* ExtensionView.swift in Sources */ = {isa = PBXBuildFile; fileRef = E22D38DD27F5A0E5009EB3EF /* ExtensionView.swift */; };
		E22D38E027F5A28C009EB3EF /* UpperButtonsPhotoView.swift in Sources */ = {isa = PBXBuildFile; fileRef = E22D38DF27F5A28C009EB3EF /* UpperButtonsPhotoView.swift */; };
		E22D38E227F5A2A2009EB3EF /* LowerButtonsPhotoView.swift in Sources */ = {isa = PBXBuildFile; fileRef = E22D38E127F5A2A2009EB3EF /* LowerButtonsPhotoView.swift */; };
		E22D38E427F5A2FB009EB3EF /* AvatarPhotoViewModel.swift in Sources */ = {isa = PBXBuildFile; fileRef = E22D38E327F5A2FB009EB3EF /* AvatarPhotoViewModel.swift */; };
		E22D38E627F5B3DF009EB3EF /* AvatarPhotoView.swift in Sources */ = {isa = PBXBuildFile; fileRef = E22D38E527F5B3DE009EB3EF /* AvatarPhotoView.swift */; };
		E22D38E827F5B94D009EB3EF /* ScrollPhotoView.swift in Sources */ = {isa = PBXBuildFile; fileRef = E22D38E727F5B94D009EB3EF /* ScrollPhotoView.swift */; };
		E22D38EA27F5C5F9009EB3EF /* ImagePickerView.swift in Sources */ = {isa = PBXBuildFile; fileRef = E22D38E927F5C5F9009EB3EF /* ImagePickerView.swift */; };
		E22D38EC27F5C6A7009EB3EF /* Coordinator.swift in Sources */ = {isa = PBXBuildFile; fileRef = E22D38EB27F5C6A7009EB3EF /* Coordinator.swift */; };
/* End PBXBuildFile section */

/* Begin PBXFileReference section */
		E22D38C427F59B90009EB3EF /* AvatarPhotoSwiftUI.app */ = {isa = PBXFileReference; explicitFileType = wrapper.application; includeInIndex = 0; path = AvatarPhotoSwiftUI.app; sourceTree = BUILT_PRODUCTS_DIR; };
		E22D38C727F59B90009EB3EF /* AvatarPhotoSwiftUIApp.swift */ = {isa = PBXFileReference; lastKnownFileType = sourcecode.swift; path = AvatarPhotoSwiftUIApp.swift; sourceTree = "<group>"; };
		E22D38C927F59B90009EB3EF /* ContentView.swift */ = {isa = PBXFileReference; lastKnownFileType = sourcecode.swift; path = ContentView.swift; sourceTree = "<group>"; };
		E22D38CB27F59B91009EB3EF /* Assets.xcassets */ = {isa = PBXFileReference; lastKnownFileType = folder.assetcatalog; path = Assets.xcassets; sourceTree = "<group>"; };
		E22D38CE27F59B91009EB3EF /* Preview Assets.xcassets */ = {isa = PBXFileReference; lastKnownFileType = folder.assetcatalog; path = "Preview Assets.xcassets"; sourceTree = "<group>"; };
		E22D38D927F59D3B009EB3EF /* ButtonsPhotoModel.swift */ = {isa = PBXFileReference; lastKnownFileType = sourcecode.swift; path = ButtonsPhotoModel.swift; sourceTree = "<group>"; };
		E22D38DB27F59E7B009EB3EF /* ButtonsPhotoDataManager.swift */ = {isa = PBXFileReference; lastKnownFileType = sourcecode.swift; path = ButtonsPhotoDataManager.swift; sourceTree = "<group>"; };
		E22D38DD27F5A0E5009EB3EF /* ExtensionView.swift */ = {isa = PBXFileReference; lastKnownFileType = sourcecode.swift; path = ExtensionView.swift; sourceTree = "<group>"; };
		E22D38DF27F5A28C009EB3EF /* UpperButtonsPhotoView.swift */ = {isa = PBXFileReference; lastKnownFileType = sourcecode.swift; path = UpperButtonsPhotoView.swift; sourceTree = "<group>"; };
		E22D38E127F5A2A2009EB3EF /* LowerButtonsPhotoView.swift */ = {isa = PBXFileReference; lastKnownFileType = sourcecode.swift; path = LowerButtonsPhotoView.swift; sourceTree = "<group>"; };
		E22D38E327F5A2FB009EB3EF /* AvatarPhotoViewModel.swift */ = {isa = PBXFileReference; lastKnownFileType = sourcecode.swift; path = AvatarPhotoViewModel.swift; sourceTree = "<group>"; };
		E22D38E527F5B3DE009EB3EF /* AvatarPhotoView.swift */ = {isa = PBXFileReference; lastKnownFileType = sourcecode.swift; path = AvatarPhotoView.swift; sourceTree = "<group>"; };
		E22D38E727F5B94D009EB3EF /* ScrollPhotoView.swift */ = {isa = PBXFileReference; lastKnownFileType = sourcecode.swift; path = ScrollPhotoView.swift; sourceTree = "<group>"; };
		E22D38E927F5C5F9009EB3EF /* ImagePickerView.swift */ = {isa = PBXFileReference; lastKnownFileType = sourcecode.swift; path = ImagePickerView.swift; sourceTree = "<group>"; };
		E22D38EB27F5C6A7009EB3EF /* Coordinator.swift */ = {isa = PBXFileReference; lastKnownFileType = sourcecode.swift; path = Coordinator.swift; sourceTree = "<group>"; };
		E22D38ED27F5CE82009EB3EF /* Info.plist */ = {isa = PBXFileReference; lastKnownFileType = text.plist; path = Info.plist; sourceTree = "<group>"; };
/* End PBXFileReference section */

/* Begin PBXFrameworksBuildPhase section */
		E22D38C127F59B90009EB3EF /* Frameworks */ = {
			isa = PBXFrameworksBuildPhase;
			buildActionMask = 2147483647;
			files = (
			);
			runOnlyForDeploymentPostprocessing = 0;
		};
/* End PBXFrameworksBuildPhase section */

/* Begin PBXGroup section */
		E22D38BB27F59B90009EB3EF = {
			isa = PBXGroup;
			children = (
				E22D38C627F59B90009EB3EF /* AvatarPhotoSwiftUI */,
				E22D38C527F59B90009EB3EF /* Products */,
			);
			sourceTree = "<group>";
		};
		E22D38C527F59B90009EB3EF /* Products */ = {
			isa = PBXGroup;
			children = (
				E22D38C427F59B90009EB3EF /* AvatarPhotoSwiftUI.app */,
			);
			name = Products;
			sourceTree = "<group>";
		};
		E22D38C627F59B90009EB3EF /* AvatarPhotoSwiftUI */ = {
			isa = PBXGroup;
			children = (
				E22D38ED27F5CE82009EB3EF /* Info.plist */,
				E22D38C727F59B90009EB3EF /* AvatarPhotoSwiftUIApp.swift */,
				E22D38C927F59B90009EB3EF /* ContentView.swift */,
				E22D38D627F59BF0009EB3EF /* Views */,
				E22D38D727F59BFA009EB3EF /* ViewModels */,
				E22D38D527F59BE6009EB3EF /* Models */,
				E22D38D827F59C58009EB3EF /* Services */,
				E22D38CB27F59B91009EB3EF /* Assets.xcassets */,
				E22D38CD27F59B91009EB3EF /* Preview Content */,
			);
			path = AvatarPhotoSwiftUI;
			sourceTree = "<group>";
		};
		E22D38CD27F59B91009EB3EF /* Preview Content */ = {
			isa = PBXGroup;
			children = (
				E22D38CE27F59B91009EB3EF /* Preview Assets.xcassets */,
			);
			path = "Preview Content";
			sourceTree = "<group>";
		};
		E22D38D527F59BE6009EB3EF /* Models */ = {
			isa = PBXGroup;
			children = (
				E22D38D927F59D3B009EB3EF /* ButtonsPhotoModel.swift */,
			);
			path = Models;
			sourceTree = "<group>";
		};
		E22D38D627F59BF0009EB3EF /* Views */ = {
			isa = PBXGroup;
			children = (
				E22D38E527F5B3DE009EB3EF /* AvatarPhotoView.swift */,
				E22D38E727F5B94D009EB3EF /* ScrollPhotoView.swift */,
				E22D38DF27F5A28C009EB3EF /* UpperButtonsPhotoView.swift */,
				E22D38E127F5A2A2009EB3EF /* LowerButtonsPhotoView.swift */,
				E22D38DD27F5A0E5009EB3EF /* ExtensionView.swift */,
			);
			path = Views;
			sourceTree = "<group>";
		};
		E22D38D727F59BFA009EB3EF /* ViewModels */ = {
			isa = PBXGroup;
			children = (
				E22D38E327F5A2FB009EB3EF /* AvatarPhotoViewModel.swift */,
			);
			path = ViewModels;
			sourceTree = "<group>";
		};
		E22D38D827F59C58009EB3EF /* Services */ = {
			isa = PBXGroup;
			children = (
				E22D38DB27F59E7B009EB3EF /* ButtonsPhotoDataManager.swift */,
				E22D38E927F5C5F9009EB3EF /* ImagePickerView.swift */,
				E22D38EB27F5C6A7009EB3EF /* Coordinator.swift */,
			);
			path = Services;
			sourceTree = "<group>";
		};
/* End PBXGroup section */

/* Begin PBXNativeTarget section */
		E22D38C327F59B90009EB3EF /* AvatarPhotoSwiftUI */ = {
			isa = PBXNativeTarget;
			buildConfigurationList = E22D38D227F59B91009EB3EF /* Build configuration list for PBXNativeTarget "AvatarPhotoSwiftUI" */;
			buildPhases = (
				E22D38C027F59B90009EB3EF /* Sources */,
				E22D38C127F59B90009EB3EF /* Frameworks */,
				E22D38C227F59B90009EB3EF /* Resources */,
			);
			buildRules = (
			);
			dependencies = (
			);
			name = AvatarPhotoSwiftUI;
			productName = AvatarPhotoSwiftUI;
			productReference = E22D38C427F59B90009EB3EF /* AvatarPhotoSwiftUI.app */;
			productType = "com.apple.product-type.application";
		};
/* End PBXNativeTarget section */

/* Begin PBXProject section */
		E22D38BC27F59B90009EB3EF /* Project object */ = {
			isa = PBXProject;
			attributes = {
				BuildIndependentTargetsInParallel = 1;
				LastSwiftUpdateCheck = 1330;
				LastUpgradeCheck = 1330;
				TargetAttributes = {
					E22D38C327F59B90009EB3EF = {
						CreatedOnToolsVersion = 13.3;
					};
				};
			};
			buildConfigurationList = E22D38BF27F59B90009EB3EF /* Build configuration list for PBXProject "AvatarPhotoSwiftUI" */;
			compatibilityVersion = "Xcode 13.0";
			developmentRegion = en;
			hasScannedForEncodings = 0;
			knownRegions = (
				en,
				Base,
			);
			mainGroup = E22D38BB27F59B90009EB3EF;
			productRefGroup = E22D38C527F59B90009EB3EF /* Products */;
			projectDirPath = "";
			projectRoot = "";
			targets = (
				E22D38C327F59B90009EB3EF /* AvatarPhotoSwiftUI */,
			);
		};
/* End PBXProject section */

/* Begin PBXResourcesBuildPhase section */
		E22D38C227F59B90009EB3EF /* Resources */ = {
			isa = PBXResourcesBuildPhase;
			buildActionMask = 2147483647;
			files = (
				E22D38CF27F59B91009EB3EF /* Preview Assets.xcassets in Resources */,
				E22D38CC27F59B91009EB3EF /* Assets.xcassets in Resources */,
			);
			runOnlyForDeploymentPostprocessing = 0;
		};
/* End PBXResourcesBuildPhase section */

/* Begin PBXSourcesBuildPhase section */
		E22D38C027F59B90009EB3EF /* Sources */ = {
			isa = PBXSourcesBuildPhase;
			buildActionMask = 2147483647;
			files = (
				E22D38E627F5B3DF009EB3EF /* AvatarPhotoView.swift in Sources */,
				E22D38DE27F5A0E5009EB3EF /* ExtensionView.swift in Sources */,
				E22D38CA27F59B90009EB3EF /* ContentView.swift in Sources */,
				E22D38EA27F5C5F9009EB3EF /* ImagePickerView.swift in Sources */,
				E22D38E427F5A2FB009EB3EF /* AvatarPhotoViewModel.swift in Sources */,
				E22D38E827F5B94D009EB3EF /* ScrollPhotoView.swift in Sources */,
				E22D38DA27F59D3B009EB3EF /* ButtonsPhotoModel.swift in Sources */,
				E22D38DC27F59E7B009EB3EF /* ButtonsPhotoDataManager.swift in Sources */,
				E22D38EC27F5C6A7009EB3EF /* Coordinator.swift in Sources */,
				E22D38E227F5A2A2009EB3EF /* LowerButtonsPhotoView.swift in Sources */,
				E22D38E027F5A28C009EB3EF /* UpperButtonsPhotoView.swift in Sources */,
				E22D38C827F59B90009EB3EF /* AvatarPhotoSwiftUIApp.swift in Sources */,
			);
			runOnlyForDeploymentPostprocessing = 0;
		};
/* End PBXSourcesBuildPhase section */

/* Begin XCBuildConfiguration section */
		E22D38D027F59B91009EB3EF /* Debug */ = {
			isa = XCBuildConfiguration;
			buildSettings = {
				ALWAYS_SEARCH_USER_PATHS = NO;
				CLANG_ANALYZER_NONNULL = YES;
				CLANG_ANALYZER_NUMBER_OBJECT_CONVERSION = YES_AGGRESSIVE;
				CLANG_CXX_LANGUAGE_STANDARD = "gnu++17";
				CLANG_ENABLE_MODULES = YES;
				CLANG_ENABLE_OBJC_ARC = YES;
				CLANG_ENABLE_OBJC_WEAK = YES;
				CLANG_WARN_BLOCK_CAPTURE_AUTORELEASING = YES;
				CLANG_WARN_BOOL_CONVERSION = YES;
				CLANG_WARN_COMMA = YES;
				CLANG_WARN_CONSTANT_CONVERSION = YES;
				CLANG_WARN_DEPRECATED_OBJC_IMPLEMENTATIONS = YES;
				CLANG_WARN_DIRECT_OBJC_ISA_USAGE = YES_ERROR;
				CLANG_WARN_DOCUMENTATION_COMMENTS = YES;
				CLANG_WARN_EMPTY_BODY = YES;
				CLANG_WARN_ENUM_CONVERSION = YES;
				CLANG_WARN_INFINITE_RECURSION = YES;
				CLANG_WARN_INT_CONVERSION = YES;
				CLANG_WARN_NON_LITERAL_NULL_CONVERSION = YES;
				CLANG_WARN_OBJC_IMPLICIT_RETAIN_SELF = YES;
				CLANG_WARN_OBJC_LITERAL_CONVERSION = YES;
				CLANG_WARN_OBJC_ROOT_CLASS = YES_ERROR;
				CLANG_WARN_QUOTED_INCLUDE_IN_FRAMEWORK_HEADER = YES;
				CLANG_WARN_RANGE_LOOP_ANALYSIS = YES;
				CLANG_WARN_STRICT_PROTOTYPES = YES;
				CLANG_WARN_SUSPICIOUS_MOVE = YES;
				CLANG_WARN_UNGUARDED_AVAILABILITY = YES_AGGRESSIVE;
				CLANG_WARN_UNREACHABLE_CODE = YES;
				CLANG_WARN__DUPLICATE_METHOD_MATCH = YES;
				COPY_PHASE_STRIP = NO;
				DEBUG_INFORMATION_FORMAT = dwarf;
				ENABLE_STRICT_OBJC_MSGSEND = YES;
				ENABLE_TESTABILITY = YES;
				GCC_C_LANGUAGE_STANDARD = gnu11;
				GCC_DYNAMIC_NO_PIC = NO;
				GCC_NO_COMMON_BLOCKS = YES;
				GCC_OPTIMIZATION_LEVEL = 0;
				GCC_PREPROCESSOR_DEFINITIONS = (
					"DEBUG=1",
					"$(inherited)",
				);
				GCC_WARN_64_TO_32_BIT_CONVERSION = YES;
				GCC_WARN_ABOUT_RETURN_TYPE = YES_ERROR;
				GCC_WARN_UNDECLARED_SELECTOR = YES;
				GCC_WARN_UNINITIALIZED_AUTOS = YES_AGGRESSIVE;
				GCC_WARN_UNUSED_FUNCTION = YES;
				GCC_WARN_UNUSED_VARIABLE = YES;
				IPHONEOS_DEPLOYMENT_TARGET = 15.4;
				MTL_ENABLE_DEBUG_INFO = INCLUDE_SOURCE;
				MTL_FAST_MATH = YES;
				ONLY_ACTIVE_ARCH = YES;
				SDKROOT = iphoneos;
				SWIFT_ACTIVE_COMPILATION_CONDITIONS = DEBUG;
				SWIFT_OPTIMIZATION_LEVEL = "-Onone";
			};
			name = Debug;
		};
		E22D38D127F59B91009EB3EF /* Release */ = {
			isa = XCBuildConfiguration;
			buildSettings = {
				ALWAYS_SEARCH_USER_PATHS = NO;
				CLANG_ANALYZER_NONNULL = YES;
				CLANG_ANALYZER_NUMBER_OBJECT_CONVERSION = YES_AGGRESSIVE;
				CLANG_CXX_LANGUAGE_STANDARD = "gnu++17";
				CLANG_ENABLE_MODULES = YES;
				CLANG_ENABLE_OBJC_ARC = YES;
				CLANG_ENABLE_OBJC_WEAK = YES;
				CLANG_WARN_BLOCK_CAPTURE_AUTORELEASING = YES;
				CLANG_WARN_BOOL_CONVERSION = YES;
				CLANG_WARN_COMMA = YES;
				CLANG_WARN_CONSTANT_CONVERSION = YES;
				CLANG_WARN_DEPRECATED_OBJC_IMPLEMENTATIONS = YES;
				CLANG_WARN_DIRECT_OBJC_ISA_USAGE = YES_ERROR;
				CLANG_WARN_DOCUMENTATION_COMMENTS = YES;
				CLANG_WARN_EMPTY_BODY = YES;
				CLANG_WARN_ENUM_CONVERSION = YES;
				CLANG_WARN_INFINITE_RECURSION = YES;
				CLANG_WARN_INT_CONVERSION = YES;
				CLANG_WARN_NON_LITERAL_NULL_CONVERSION = YES;
				CLANG_WARN_OBJC_IMPLICIT_RETAIN_SELF = YES;
				CLANG_WARN_OBJC_LITERAL_CONVERSION = YES;
				CLANG_WARN_OBJC_ROOT_CLASS = YES_ERROR;
				CLANG_WARN_QUOTED_INCLUDE_IN_FRAMEWORK_HEADER = YES;
				CLANG_WARN_RANGE_LOOP_ANALYSIS = YES;
				CLANG_WARN_STRICT_PROTOTYPES = YES;
				CLANG_WARN_SUSPICIOUS_MOVE = YES;
				CLANG_WARN_UNGUARDED_AVAILABILITY = YES_AGGRESSIVE;
				CLANG_WARN_UNREACHABLE_CODE = YES;
				CLANG_WARN__DUPLICATE_METHOD_MATCH = YES;
				COPY_PHASE_STRIP = NO;
				DEBUG_INFORMATION_FORMAT = "dwarf-with-dsym";
				ENABLE_NS_ASSERTIONS = NO;
				ENABLE_STRICT_OBJC_MSGSEND = YES;
				GCC_C_LANGUAGE_STANDARD = gnu11;
				GCC_NO_COMMON_BLOCKS = YES;
				GCC_WARN_64_TO_32_BIT_CONVERSION = YES;
				GCC_WARN_ABOUT_RETURN_TYPE = YES_ERROR;
				GCC_WARN_UNDECLARED_SELECTOR = YES;
				GCC_WARN_UNINITIALIZED_AUTOS = YES_AGGRESSIVE;
				GCC_WARN_UNUSED_FUNCTION = YES;
				GCC_WARN_UNUSED_VARIABLE = YES;
				IPHONEOS_DEPLOYMENT_TARGET = 15.4;
				MTL_ENABLE_DEBUG_INFO = NO;
				MTL_FAST_MATH = YES;
				SDKROOT = iphoneos;
				SWIFT_COMPILATION_MODE = wholemodule;
				SWIFT_OPTIMIZATION_LEVEL = "-O";
				VALIDATE_PRODUCT = YES;
			};
			name = Release;
		};
		E22D38D327F59B91009EB3EF /* Debug */ = {
			isa = XCBuildConfiguration;
			buildSettings = {
				ASSETCATALOG_COMPILER_APPICON_NAME = AppIcon;
				ASSETCATALOG_COMPILER_GLOBAL_ACCENT_COLOR_NAME = AccentColor;
				CODE_SIGN_STYLE = Automatic;
				CURRENT_PROJECT_VERSION = 1;
				DEVELOPMENT_ASSET_PATHS = "\"AvatarPhotoSwiftUI/Preview Content\"";
				DEVELOPMENT_TEAM = QD5349NP78;
				ENABLE_PREVIEWS = YES;
				GENERATE_INFOPLIST_FILE = YES;
				INFOPLIST_FILE = AvatarPhotoSwiftUI/Info.plist;
				INFOPLIST_KEY_NSCameraUsageDescription = "\"Доступ к камере\"";
				INFOPLIST_KEY_UIApplicationSceneManifest_Generation = YES;
				INFOPLIST_KEY_UIApplicationSupportsIndirectInputEvents = YES;
				INFOPLIST_KEY_UILaunchScreen_Generation = YES;
				INFOPLIST_KEY_UISupportedInterfaceOrientations_iPad = "UIInterfaceOrientationPortrait UIInterfaceOrientationPortraitUpsideDown UIInterfaceOrientationLandscapeLeft UIInterfaceOrientationLandscapeRight";
				INFOPLIST_KEY_UISupportedInterfaceOrientations_iPhone = "UIInterfaceOrientationPortrait UIInterfaceOrientationLandscapeLeft UIInterfaceOrientationLandscapeRight";
				LD_RUNPATH_SEARCH_PATHS = (
					"$(inherited)",
					"@executable_path/Frameworks",
				);
				MARKETING_VERSION = 1.0;
				PRODUCT_BUNDLE_IDENTIFIER = Panin.AvatarPhotoSwiftUI;
				PRODUCT_NAME = "$(TARGET_NAME)";
				SWIFT_EMIT_LOC_STRINGS = YES;
				SWIFT_VERSION = 5.0;
				TARGETED_DEVICE_FAMILY = "1,2";
			};
			name = Debug;
		};
		E22D38D427F59B91009EB3EF /* Release */ = {
			isa = XCBuildConfiguration;
			buildSettings = {
				ASSETCATALOG_COMPILER_APPICON_NAME = AppIcon;
				ASSETCATALOG_COMPILER_GLOBAL_ACCENT_COLOR_NAME = AccentColor;
				CODE_SIGN_STYLE = Automatic;
				CURRENT_PROJECT_VERSION = 1;
				DEVELOPMENT_ASSET_PATHS = "\"AvatarPhotoSwiftUI/Preview Content\"";
				DEVELOPMENT_TEAM = QD5349NP78;
				ENABLE_PREVIEWS = YES;
				GENERATE_INFOPLIST_FILE = YES;
				INFOPLIST_FILE = AvatarPhotoSwiftUI/Info.plist;
				INFOPLIST_KEY_NSCameraUsageDescription = "\"Доступ к камере\"";
				INFOPLIST_KEY_UIApplicationSceneManifest_Generation = YES;
				INFOPLIST_KEY_UIApplicationSupportsIndirectInputEvents = YES;
				INFOPLIST_KEY_UILaunchScreen_Generation = YES;
				INFOPLIST_KEY_UISupportedInterfaceOrientations_iPad = "UIInterfaceOrientationPortrait UIInterfaceOrientationPortraitUpsideDown UIInterfaceOrientationLandscapeLeft UIInterfaceOrientationLandscapeRight";
				INFOPLIST_KEY_UISupportedInterfaceOrientations_iPhone = "UIInterfaceOrientationPortrait UIInterfaceOrientationLandscapeLeft UIInterfaceOrientationLandscapeRight";
				LD_RUNPATH_SEARCH_PATHS = (
					"$(inherited)",
					"@executable_path/Frameworks",
				);
				MARKETING_VERSION = 1.0;
				PRODUCT_BUNDLE_IDENTIFIER = Panin.AvatarPhotoSwiftUI;
				PRODUCT_NAME = "$(TARGET_NAME)";
				SWIFT_EMIT_LOC_STRINGS = YES;
				SWIFT_VERSION = 5.0;
				TARGETED_DEVICE_FAMILY = "1,2";
			};
			name = Release;
		};
/* End XCBuildConfiguration section */

/* Begin XCConfigurationList section */
		E22D38BF27F59B90009EB3EF /* Build configuration list for PBXProject "AvatarPhotoSwiftUI" */ = {
			isa = XCConfigurationList;
			buildConfigurations = (
				E22D38D027F59B91009EB3EF /* Debug */,
				E22D38D127F59B91009EB3EF /* Release */,
			);
			defaultConfigurationIsVisible = 0;
			defaultConfigurationName = Release;
		};
		E22D38D227F59B91009EB3EF /* Build configuration list for PBXNativeTarget "AvatarPhotoSwiftUI" */ = {
			isa = XCConfigurationList;
			buildConfigurations = (
				E22D38D327F59B91009EB3EF /* Debug */,
				E22D38D427F59B91009EB3EF /* Release */,
			);
			defaultConfigurationIsVisible = 0;
			defaultConfigurationName = Release;
		};
/* End XCConfigurationList section */
	};
	rootObject = E22D38BC27F59B90009EB3EF /* Project object */;
}
